{
    "_meta": {
        "hash": {
            "sha256": "1443aea5a3106ca70e15eb2a61b4ed40b88822d4b3e4bbaed630af122a909842"
        },
        "pipfile-spec": 6,
        "requires": {
            "python_version": "3.6"
        },
        "sources": [
            {
                "name": "pypi",
                "url": "https://pypi.org/simple",
                "verify_ssl": true
            }
        ]
    },
    "default": {
        "django": {
            "hashes": [
                "sha256:65e2a548a52fca560cdd4e35f4fa1a79140f405af48950e59702a37e4227e958",
                "sha256:d4244e2c9653e1349b37ab0cdf108607ba9d1e41f71d0711ac71360e4026ce94"
            ],
            "index": "pypi",
            "version": "==2.1.10"
        },
        "gunicorn": {
            "hashes": [
                "sha256:aa8e0b40b4157b36a5df5e599f45c9c76d6af43845ba3b3b0efe2c70473c2471",
                "sha256:fa2662097c66f920f53f70621c6c58ca4a3c4d3434205e608e121b5b3b71f4f3"
            ],
            "index": "pypi",
            "version": "==19.9.0"
        },
        "pytz": {
            "hashes": [
                "sha256:303879e36b721603cc54604edcac9d20401bdbe31e1e4fdee5b9f98d5d31dfda",
                "sha256:d747dd3d23d77ef44c6a3526e274af6efeb0a6f1afd5a69ba4d5be4098c8e141"
            ],
            "version": "==2019.1"
        }
    },
    "develop": {}
}
